
Microsoft Visual Studio Solution File, Format Version 12.00
# Visual Studio Version 17
VisualStudioVersion = 17.10.35013.160
MinimumVisualStudioVersion = 10.0.40219.1
Project("{FAE04EC0-301F-11D3-BF4B-00C04F79EFBC}") = "BillIssue.Api", "BillIssue.Api\BillIssue.Api.csproj", "{1EDD4E9C-509F-40E3-96A6-F95CE7BBD0FF}"
EndProject
Project("{FAE04EC0-301F-11D3-BF4B-00C04F79EFBC}") = "BillIssue.Api.Interfaces", "BillIssue.Api.Interfaces\BillIssue.Api.Interfaces.csproj", "{1EF76DBF-A5D7-4C43-932E-4699E9C03C82}"
EndProject
Project("{FAE04EC0-301F-11D3-BF4B-00C04F79EFBC}") = "BillIssue.Api.Business", "BillIssue.Api.Business\BillIssue.Api.Business.csproj", "{508FB54D-4FD5-447E-B78E-3F59AC33DA1F}"
EndProject
Project("{FAE04EC0-301F-11D3-BF4B-00C04F79EFBC}") = "BillIssue.Api.Models", "BillIssue.Api.Models\BillIssue.Api.Models.csproj", "{D7824DFD-D323-4683-9E5C-28F684FDBC52}"
EndProject
Global
	GlobalSection(SolutionConfigurationPlatforms) = preSolution
		Debug|Any CPU = Debug|Any CPU
		Release|Any CPU = Release|Any CPU
	EndGlobalSection
	GlobalSection(ProjectConfigurationPlatforms) = postSolution
		{1EDD4E9C-509F-40E3-96A6-F95CE7BBD0FF}.Debug|Any CPU.ActiveCfg = Debug|Any CPU
		{1EDD4E9C-509F-40E3-96A6-F95CE7BBD0FF}.Debug|Any CPU.Build.0 = Debug|Any CPU
		{1EDD4E9C-509F-40E3-96A6-F95CE7BBD0FF}.Release|Any CPU.ActiveCfg = Release|Any CPU
		{1EDD4E9C-509F-40E3-96A6-F95CE7BBD0FF}.Release|Any CPU.Build.0 = Release|Any CPU
		{1EF76DBF-A5D7-4C43-932E-4699E9C03C82}.Debug|Any CPU.ActiveCfg = Debug|Any CPU
		{1EF76DBF-A5D7-4C43-932E-4699E9C03C82}.Debug|Any CPU.Build.0 = Debug|Any CPU
		{1EF76DBF-A5D7-4C43-932E-4699E9C03C82}.Release|Any CPU.ActiveCfg = Release|Any CPU
		{1EF76DBF-A5D7-4C43-932E-4699E9C03C82}.Release|Any CPU.Build.0 = Release|Any CPU
		{508FB54D-4FD5-447E-B78E-3F59AC33DA1F}.Debug|Any CPU.ActiveCfg = Debug|Any CPU
		{508FB54D-4FD5-447E-B78E-3F59AC33DA1F}.Debug|Any CPU.Build.0 = Debug|Any CPU
		{508FB54D-4FD5-447E-B78E-3F59AC33DA1F}.Release|Any CPU.ActiveCfg = Release|Any CPU
		{508FB54D-4FD5-447E-B78E-3F59AC33DA1F}.Release|Any CPU.Build.0 = Release|Any CPU
		{D7824DFD-D323-4683-9E5C-28F684FDBC52}.Debug|Any CPU.ActiveCfg = Debug|Any CPU
		{D7824DFD-D323-4683-9E5C-28F684FDBC52}.Debug|Any CPU.Build.0 = Debug|Any CPU
		{D7824DFD-D323-4683-9E5C-28F684FDBC52}.Release|Any CPU.ActiveCfg = Release|Any CPU
		{D7824DFD-D323-4683-9E5C-28F684FDBC52}.Release|Any CPU.Build.0 = Release|Any CPU
	EndGlobalSection
	GlobalSection(SolutionProperties) = preSolution
		HideSolutionNode = FALSE
	EndGlobalSection
	GlobalSection(ExtensibilityGlobals) = postSolution
		SolutionGuid = {7E8B80F6-1D3C-4387-9C60-44CD27695DF4}
	EndGlobalSection
EndGlobal
