
Microsoft Visual Studio Solution File, Format Version 12.00
# Visual Studio Version 17
VisualStudioVersion = 17.5.33424.131
MinimumVisualStudioVersion = 10.0.40219.1
Project("{9A19103F-16F7-4668-BE54-9A1E7A4F7556}") = "BillIssue.Web", "BillIssue.Web\BillIssue.Web.csproj", "{BAF37761-4C50-4B20-BE7D-405A5DC7BFBE}"
EndProject
Project("{9A19103F-16F7-4668-BE54-9A1E7A4F7556}") = "BillIssue.Web.Domain", "BillIssue.Web.Data\BillIssue.Web.Domain.csproj", "{DA0CDFE1-FA9A-47A0-AFF7-BA0D7B70D8CC}"
EndProject
Project("{9A19103F-16F7-4668-BE54-9A1E7A4F7556}") = "BillIssue.Web.Interfaces", "BillIssue.Web.Interfaces\BillIssue.Web.Interfaces.csproj", "{D9053343-B6C6-497E-8BC3-EF904E3459EE}"
EndProject
Project("{9A19103F-16F7-4668-BE54-9A1E7A4F7556}") = "BillIssue.Web.Business", "BillIssue.Web.Services\BillIssue.Web.Business.csproj", "{72B0F28C-C36C-472B-91B9-F3D9EC8DEA8B}"
EndProject
Global
	GlobalSection(SolutionConfigurationPlatforms) = preSolution
		Debug|Any CPU = Debug|Any CPU
		Release|Any CPU = Release|Any CPU
	EndGlobalSection
	GlobalSection(ProjectConfigurationPlatforms) = postSolution
		{BAF37761-4C50-4B20-BE7D-405A5DC7BFBE}.Debug|Any CPU.ActiveCfg = Debug|Any CPU
		{BAF37761-4C50-4B20-BE7D-405A5DC7BFBE}.Debug|Any CPU.Build.0 = Debug|Any CPU
		{BAF37761-4C50-4B20-BE7D-405A5DC7BFBE}.Release|Any CPU.ActiveCfg = Release|Any CPU
		{BAF37761-4C50-4B20-BE7D-405A5DC7BFBE}.Release|Any CPU.Build.0 = Release|Any CPU
		{DA0CDFE1-FA9A-47A0-AFF7-BA0D7B70D8CC}.Debug|Any CPU.ActiveCfg = Debug|Any CPU
		{DA0CDFE1-FA9A-47A0-AFF7-BA0D7B70D8CC}.Debug|Any CPU.Build.0 = Debug|Any CPU
		{DA0CDFE1-FA9A-47A0-AFF7-BA0D7B70D8CC}.Release|Any CPU.ActiveCfg = Release|Any CPU
		{DA0CDFE1-FA9A-47A0-AFF7-BA0D7B70D8CC}.Release|Any CPU.Build.0 = Release|Any CPU
		{D9053343-B6C6-497E-8BC3-EF904E3459EE}.Debug|Any CPU.ActiveCfg = Debug|Any CPU
		{D9053343-B6C6-497E-8BC3-EF904E3459EE}.Debug|Any CPU.Build.0 = Debug|Any CPU
		{D9053343-B6C6-497E-8BC3-EF904E3459EE}.Release|Any CPU.ActiveCfg = Release|Any CPU
		{D9053343-B6C6-497E-8BC3-EF904E3459EE}.Release|Any CPU.Build.0 = Release|Any CPU
		{72B0F28C-C36C-472B-91B9-F3D9EC8DEA8B}.Debug|Any CPU.ActiveCfg = Debug|Any CPU
		{72B0F28C-C36C-472B-91B9-F3D9EC8DEA8B}.Debug|Any CPU.Build.0 = Debug|Any CPU
		{72B0F28C-C36C-472B-91B9-F3D9EC8DEA8B}.Release|Any CPU.ActiveCfg = Release|Any CPU
		{72B0F28C-C36C-472B-91B9-F3D9EC8DEA8B}.Release|Any CPU.Build.0 = Release|Any CPU
	EndGlobalSection
	GlobalSection(SolutionProperties) = preSolution
		HideSolutionNode = FALSE
	EndGlobalSection
	GlobalSection(ExtensibilityGlobals) = postSolution
		SolutionGuid = {980B1D8E-A7E0-4B4D-ACB3-396D2395D2A0}
	EndGlobalSection
EndGlobal
